{
  "requires": true,
  "lockfileVersion": 1,
  "dependencies": {
    "console-browserify": {
      "version": "1.2.0",
      "resolved": "https://registry.npmjs.org/console-browserify/-/console-browserify-1.2.0.tgz",
      "integrity": "sha512-ZMkYO/LkF17QvCPqM0gxw8yUzigAOZOSWSHg91FH6orS7vcEj5dVZTidN2fQ14yBSdg97RqhSNwLUXInd52OTA=="
    },
    "file-saver": {
      "version": "2.0.2",
      "resolved": "https://registry.npmjs.org/file-saver/-/file-saver-2.0.2.tgz",
      "integrity": "sha512-Wz3c3XQ5xroCxd1G8b7yL0Ehkf0TC9oYC6buPFkNnU9EnaPlifeAFCyCh+iewXTyFRcg0a6j3J7FmJsIhlhBdw=="
    },
    "html-to-image": {
      "version": "0.1.1",
      "resolved": "https://registry.npmjs.org/html-to-image/-/html-to-image-0.1.1.tgz",
      "integrity": "sha512-UAjpXmokENeOyzfLwL0+zQ502lXyg6pkzVUmRjtljOH9dR/YdEYQhWrQ/O14hmH5/1L7jv1aOupU4Zi3Y8+iow=="
    },
    "save-html-as-image": {
      "version": "1.3.3",
      "resolved": "https://registry.npmjs.org/save-html-as-image/-/save-html-as-image-1.3.3.tgz",
      "integrity": "sha512-lvpjSjOar7FFMtx2a3iY7KuLud4gubDE6EbNRfNCwWF1ZPeKmY7+mnVlz7/yxPmms0cnaCjY2kA4PhlR1msQjA==",
      "requires": {
        "file-saver": "^2.0.2",
        "html-to-image": "^0.1.1",
        "save-svg-as-png": "^1.4.14"
      }
    },
    "save-svg-as-png": {
      "version": "1.4.17",
      "resolved": "https://registry.npmjs.org/save-svg-as-png/-/save-svg-as-png-1.4.17.tgz",
      "integrity": "sha512-7QDaqJsVhdFPwviCxkgHiGm9omeaMBe1VKbHySWU6oFB2LtnGCcYS13eVoslUgq6VZC6Tjq/HddBd1K6p2PGpA=="
    }
  }
}
